
Microsoft Visual Studio Solution File, Format Version 12.00
# Visual Studio Version 16
VisualStudioVersion = 16.0.29728.190
MinimumVisualStudioVersion = 10.0.40219.1
Project("{FAE04EC0-301F-11D3-BF4B-00C04F79EFBC}") = "AcpiWin", "AcpiWin.csproj", "{2D2BF4AB-23CF-4340-B677-89960D061CEB}"
EndProject
Global
	GlobalSection(SolutionConfigurationPlatforms) = preSolution
		Debug|Any CPU = Debug|Any CPU
		Release|Any CPU = Release|Any CPU
	EndGlobalSection
	GlobalSection(ProjectConfigurationPlatforms) = postSolution
		{2D2BF4AB-23CF-4340-B677-89960D061CEB}.Debug|Any CPU.ActiveCfg = Debug|Any CPU
		{2D2BF4AB-23CF-4340-B677-89960D061CEB}.Debug|Any CPU.Build.0 = Debug|Any CPU
		{2D2BF4AB-23CF-4340-B677-89960D061CEB}.Release|Any CPU.ActiveCfg = Release|Any CPU
		{2D2BF4AB-23CF-4340-B677-89960D061CEB}.Release|Any CPU.Build.0 = Release|Any CPU
	EndGlobalSection
	GlobalSection(SolutionProperties) = preSolution
		HideSolutionNode = FALSE
	EndGlobalSection
	GlobalSection(ExtensibilityGlobals) = postSolution
		SolutionGuid = {45CBF66B-C61F-47D8-8881-8434621AF18C}
	EndGlobalSection
EndGlobal
